
Microsoft Visual Studio Solution File, Format Version 12.00
# Visual Studio Version 17
VisualStudioVersion = 17.10.35027.167
MinimumVisualStudioVersion = 10.0.40219.1
Project("{FAE04EC0-301F-11D3-BF4B-00C04F79EFBC}") = "CS-Course", "CS-Course\CS-Course.csproj", "{2A61AEE9-40F1-4730-B054-3FCE9B1E8F16}"
EndProject
Project("{FAE04EC0-301F-11D3-BF4B-00C04F79EFBC}") = "CS-Assignments", "CS-Assignments\CS-Assignments.csproj", "{BC5310E6-2A83-4A09-8F79-8A852E681DCA}"
EndProject
Project("{9A19103F-16F7-4668-BE54-9A1E7A4F7556}") = "Registration", "Registration\Registration.csproj", "{F2063B6A-C6C9-4A80-8A05-31F6746E75F4}"
EndProject
Project("{9A19103F-16F7-4668-BE54-9A1E7A4F7556}") = "Login", "Login\Login.csproj", "{1EF97E24-F12D-4BF1-8A54-18097FD1ED93}"
EndProject
Project("{9A19103F-16F7-4668-BE54-9A1E7A4F7556}") = "ResultForm", "ResultForm\ResultForm.csproj", "{75F9FF82-096C-4245-9E64-9EBFE272C48C}"
EndProject
Project("{9A19103F-16F7-4668-BE54-9A1E7A4F7556}") = "Items", "Items\Items.csproj", "{A2C6F873-8D8E-4706-88FB-A669D4826B8A}"
EndProject
Project("{9A19103F-16F7-4668-BE54-9A1E7A4F7556}") = "StudentRecordForm", "StudentRecordForm\StudentRecordForm.csproj", "{AC98DBB5-3457-411D-BE91-89AA0E61BA23}"
EndProject
Project("{FAE04EC0-301F-11D3-BF4B-00C04F79EFBC}") = "LabTest", "LabTest\LabTest.csproj", "{93B56FAC-E5BF-4043-AF49-0347E642F28C}"
EndProject
Global
	GlobalSection(SolutionConfigurationPlatforms) = preSolution
		Debug|Any CPU = Debug|Any CPU
		Release|Any CPU = Release|Any CPU
	EndGlobalSection
	GlobalSection(ProjectConfigurationPlatforms) = postSolution
		{2A61AEE9-40F1-4730-B054-3FCE9B1E8F16}.Debug|Any CPU.ActiveCfg = Debug|Any CPU
		{2A61AEE9-40F1-4730-B054-3FCE9B1E8F16}.Debug|Any CPU.Build.0 = Debug|Any CPU
		{2A61AEE9-40F1-4730-B054-3FCE9B1E8F16}.Release|Any CPU.ActiveCfg = Release|Any CPU
		{2A61AEE9-40F1-4730-B054-3FCE9B1E8F16}.Release|Any CPU.Build.0 = Release|Any CPU
		{BC5310E6-2A83-4A09-8F79-8A852E681DCA}.Debug|Any CPU.ActiveCfg = Debug|Any CPU
		{BC5310E6-2A83-4A09-8F79-8A852E681DCA}.Debug|Any CPU.Build.0 = Debug|Any CPU
		{BC5310E6-2A83-4A09-8F79-8A852E681DCA}.Release|Any CPU.ActiveCfg = Release|Any CPU
		{BC5310E6-2A83-4A09-8F79-8A852E681DCA}.Release|Any CPU.Build.0 = Release|Any CPU
		{F2063B6A-C6C9-4A80-8A05-31F6746E75F4}.Debug|Any CPU.ActiveCfg = Debug|Any CPU
		{F2063B6A-C6C9-4A80-8A05-31F6746E75F4}.Debug|Any CPU.Build.0 = Debug|Any CPU
		{F2063B6A-C6C9-4A80-8A05-31F6746E75F4}.Release|Any CPU.ActiveCfg = Release|Any CPU
		{F2063B6A-C6C9-4A80-8A05-31F6746E75F4}.Release|Any CPU.Build.0 = Release|Any CPU
		{1EF97E24-F12D-4BF1-8A54-18097FD1ED93}.Debug|Any CPU.ActiveCfg = Debug|Any CPU
		{1EF97E24-F12D-4BF1-8A54-18097FD1ED93}.Debug|Any CPU.Build.0 = Debug|Any CPU
		{1EF97E24-F12D-4BF1-8A54-18097FD1ED93}.Release|Any CPU.ActiveCfg = Release|Any CPU
		{1EF97E24-F12D-4BF1-8A54-18097FD1ED93}.Release|Any CPU.Build.0 = Release|Any CPU
		{75F9FF82-096C-4245-9E64-9EBFE272C48C}.Debug|Any CPU.ActiveCfg = Debug|Any CPU
		{75F9FF82-096C-4245-9E64-9EBFE272C48C}.Debug|Any CPU.Build.0 = Debug|Any CPU
		{75F9FF82-096C-4245-9E64-9EBFE272C48C}.Release|Any CPU.ActiveCfg = Release|Any CPU
		{75F9FF82-096C-4245-9E64-9EBFE272C48C}.Release|Any CPU.Build.0 = Release|Any CPU
		{A2C6F873-8D8E-4706-88FB-A669D4826B8A}.Debug|Any CPU.ActiveCfg = Debug|Any CPU
		{A2C6F873-8D8E-4706-88FB-A669D4826B8A}.Debug|Any CPU.Build.0 = Debug|Any CPU
		{A2C6F873-8D8E-4706-88FB-A669D4826B8A}.Release|Any CPU.ActiveCfg = Release|Any CPU
		{A2C6F873-8D8E-4706-88FB-A669D4826B8A}.Release|Any CPU.Build.0 = Release|Any CPU
		{AC98DBB5-3457-411D-BE91-89AA0E61BA23}.Debug|Any CPU.ActiveCfg = Debug|Any CPU
		{AC98DBB5-3457-411D-BE91-89AA0E61BA23}.Debug|Any CPU.Build.0 = Debug|Any CPU
		{AC98DBB5-3457-411D-BE91-89AA0E61BA23}.Release|Any CPU.ActiveCfg = Release|Any CPU
		{AC98DBB5-3457-411D-BE91-89AA0E61BA23}.Release|Any CPU.Build.0 = Release|Any CPU
		{93B56FAC-E5BF-4043-AF49-0347E642F28C}.Debug|Any CPU.ActiveCfg = Debug|Any CPU
		{93B56FAC-E5BF-4043-AF49-0347E642F28C}.Debug|Any CPU.Build.0 = Debug|Any CPU
		{93B56FAC-E5BF-4043-AF49-0347E642F28C}.Release|Any CPU.ActiveCfg = Release|Any CPU
		{93B56FAC-E5BF-4043-AF49-0347E642F28C}.Release|Any CPU.Build.0 = Release|Any CPU
	EndGlobalSection
	GlobalSection(SolutionProperties) = preSolution
		HideSolutionNode = FALSE
	EndGlobalSection
	GlobalSection(ExtensibilityGlobals) = postSolution
		SolutionGuid = {A4768D17-4FA0-4602-A915-372BF1833C3F}
	EndGlobalSection
EndGlobal
